
Microsoft Visual Studio Solution File, Format Version 12.00
# Visual Studio Version 17
VisualStudioVersion = 17.14.36109.1 d17.14
MinimumVisualStudioVersion = 10.0.40219.1
Project("{FAE04EC0-301F-11D3-BF4B-00C04F79EFBC}") = "Домашня робота", "Домашня робота\Домашня робота.csproj", "{2141DE86-879A-406D-96A6-65AC26BB75D6}"
EndProject
Global
	GlobalSection(SolutionConfigurationPlatforms) = preSolution
		Debug|Any CPU = Debug|Any CPU
		Release|Any CPU = Release|Any CPU
	EndGlobalSection
	GlobalSection(ProjectConfigurationPlatforms) = postSolution
		{2141DE86-879A-406D-96A6-65AC26BB75D6}.Debug|Any CPU.ActiveCfg = Debug|Any CPU
		{2141DE86-879A-406D-96A6-65AC26BB75D6}.Debug|Any CPU.Build.0 = Debug|Any CPU
		{2141DE86-879A-406D-96A6-65AC26BB75D6}.Release|Any CPU.ActiveCfg = Release|Any CPU
		{2141DE86-879A-406D-96A6-65AC26BB75D6}.Release|Any CPU.Build.0 = Release|Any CPU
	EndGlobalSection
	GlobalSection(SolutionProperties) = preSolution
		HideSolutionNode = FALSE
	EndGlobalSection
	GlobalSection(ExtensibilityGlobals) = postSolution
		SolutionGuid = {9C05FFA6-7EE7-4594-848B-A9E003DA48FC}
	EndGlobalSection
EndGlobal
